
Microsoft Visual Studio Solution File, Format Version 12.00
# Visual Studio 15
VisualStudioVersion = 15.0.28307.168
MinimumVisualStudioVersion = 10.0.40219.1
Project("{FAE04EC0-301F-11D3-BF4B-00C04F79EFBC}") = "KangarooMovement", "KangarooMovement\KangarooMovement.csproj", "{F463F7DD-57AA-4DF9-B8F4-09DAF74368B3}"
EndProject
Global
	GlobalSection(SolutionConfigurationPlatforms) = preSolution
		Debug|Any CPU = Debug|Any CPU
		Release|Any CPU = Release|Any CPU
	EndGlobalSection
	GlobalSection(ProjectConfigurationPlatforms) = postSolution
		{F463F7DD-57AA-4DF9-B8F4-09DAF74368B3}.Debug|Any CPU.ActiveCfg = Debug|Any CPU
		{F463F7DD-57AA-4DF9-B8F4-09DAF74368B3}.Debug|Any CPU.Build.0 = Debug|Any CPU
		{F463F7DD-57AA-4DF9-B8F4-09DAF74368B3}.Release|Any CPU.ActiveCfg = Release|Any CPU
		{F463F7DD-57AA-4DF9-B8F4-09DAF74368B3}.Release|Any CPU.Build.0 = Release|Any CPU
	EndGlobalSection
	GlobalSection(SolutionProperties) = preSolution
		HideSolutionNode = FALSE
	EndGlobalSection
	GlobalSection(ExtensibilityGlobals) = postSolution
		SolutionGuid = {F98073AA-B4C9-4CA6-B586-FC9D0DB4EFB4}
	EndGlobalSection
EndGlobal
