
Microsoft Visual Studio Solution File, Format Version 12.00
# Visual Studio 15
VisualStudioVersion = 15.0.28307.168
MinimumVisualStudioVersion = 10.0.40219.1
Project("{FAE04EC0-301F-11D3-BF4B-00C04F79EFBC}") = "CS-ASP_018", "CS-ASP_018\CS-ASP_018.csproj", "{9F8D626B-3C67-4AD7-9868-DE043213F180}"
EndProject
Global
	GlobalSection(SolutionConfigurationPlatforms) = preSolution
		Debug|Any CPU = Debug|Any CPU
		Release|Any CPU = Release|Any CPU
	EndGlobalSection
	GlobalSection(ProjectConfigurationPlatforms) = postSolution
		{9F8D626B-3C67-4AD7-9868-DE043213F180}.Debug|Any CPU.ActiveCfg = Debug|Any CPU
		{9F8D626B-3C67-4AD7-9868-DE043213F180}.Debug|Any CPU.Build.0 = Debug|Any CPU
		{9F8D626B-3C67-4AD7-9868-DE043213F180}.Release|Any CPU.ActiveCfg = Release|Any CPU
		{9F8D626B-3C67-4AD7-9868-DE043213F180}.Release|Any CPU.Build.0 = Release|Any CPU
	EndGlobalSection
	GlobalSection(SolutionProperties) = preSolution
		HideSolutionNode = FALSE
	EndGlobalSection
	GlobalSection(ExtensibilityGlobals) = postSolution
		SolutionGuid = {4F108E54-A891-4C93-8353-415515EE4C8E}
	EndGlobalSection
EndGlobal
